// !$*UTF8*$!
{
	archiveVersion = 1;
	classes = {
	};
	objectVersion = 46;
	objects = {

/* Begin PBXBuildFile section */
		36131631196BA14A00DB175C /* Foundation.framework in Frameworks */ = {isa = PBXBuildFile; fileRef = 36131630196BA14A00DB175C /* Foundation.framework */; };
		36131633196BA14A00DB175C /* CoreGraphics.framework in Frameworks */ = {isa = PBXBuildFile; fileRef = 36131632196BA14A00DB175C /* CoreGraphics.framework */; };
		36131635196BA14A00DB175C /* UIKit.framework in Frameworks */ = {isa = PBXBuildFile; fileRef = 36131634196BA14A00DB175C /* UIKit.framework */; };
		36131637196BA14A00DB175C /* CoreData.framework in Frameworks */ = {isa = PBXBuildFile; fileRef = 36131636196BA14A00DB175C /* CoreData.framework */; };
		3613163D196BA14A00DB175C /* InfoPlist.strings in Resources */ = {isa = PBXBuildFile; fileRef = 3613163B196BA14A00DB175C /* InfoPlist.strings */; };
		3613163F196BA14A00DB175C /* main.m in Sources */ = {isa = PBXBuildFile; fileRef = 3613163E196BA14A00DB175C /* main.m */; };
		36131643196BA14A00DB175C /* PFAppDelegate.m in Sources */ = {isa = PBXBuildFile; fileRef = 36131642196BA14A00DB175C /* PFAppDelegate.m */; };
		36131646196BA14B00DB175C /* DeLanna.xcdatamodeld in Sources */ = {isa = PBXBuildFile; fileRef = 36131644196BA14B00DB175C /* DeLanna.xcdatamodeld */; };
		36131648196BA14B00DB175C /* Images.xcassets in Resources */ = {isa = PBXBuildFile; fileRef = 36131647196BA14B00DB175C /* Images.xcassets */; };
		3613164F196BA14B00DB175C /* XCTest.framework in Frameworks */ = {isa = PBXBuildFile; fileRef = 3613164E196BA14B00DB175C /* XCTest.framework */; };
		36131650196BA14B00DB175C /* Foundation.framework in Frameworks */ = {isa = PBXBuildFile; fileRef = 36131630196BA14A00DB175C /* Foundation.framework */; };
		36131651196BA14B00DB175C /* UIKit.framework in Frameworks */ = {isa = PBXBuildFile; fileRef = 36131634196BA14A00DB175C /* UIKit.framework */; };
		36131652196BA14B00DB175C /* CoreData.framework in Frameworks */ = {isa = PBXBuildFile; fileRef = 36131636196BA14A00DB175C /* CoreData.framework */; };
		3613165A196BA14B00DB175C /* InfoPlist.strings in Resources */ = {isa = PBXBuildFile; fileRef = 36131658196BA14B00DB175C /* InfoPlist.strings */; };
		3613165C196BA14B00DB175C /* DeLannaTests.m in Sources */ = {isa = PBXBuildFile; fileRef = 3613165B196BA14B00DB175C /* DeLannaTests.m */; };
		527BF2D61974E3830005BFF9 /* PFOverViewController.m in Sources */ = {isa = PBXBuildFile; fileRef = 527BF2D41974E3830005BFF9 /* PFOverViewController.m */; };
		527BF2D71974E3830005BFF9 /* PFOverViewController_Wide.xib in Resources */ = {isa = PBXBuildFile; fileRef = 527BF2D51974E3830005BFF9 /* PFOverViewController_Wide.xib */; };
		527BF3051974E41D0005BFF9 /* default.jpg in Resources */ = {isa = PBXBuildFile; fileRef = 527BF2E81974E41D0005BFF9 /* default.jpg */; };
		527BF3061974E41D0005BFF9 /* ic_contact_off.png in Resources */ = {isa = PBXBuildFile; fileRef = 527BF2EA1974E41D0005BFF9 /* ic_contact_off.png */; };
		527BF3071974E41D0005BFF9 /* ic_contact_on.png in Resources */ = {isa = PBXBuildFile; fileRef = 527BF2EB1974E41D0005BFF9 /* ic_contact_on.png */; };
		527BF3081974E41D0005BFF9 /* ic_member_off.png in Resources */ = {isa = PBXBuildFile; fileRef = 527BF2EC1974E41D0005BFF9 /* ic_member_off.png */; };
		527BF3091974E41D0005BFF9 /* ic_member_on.png in Resources */ = {isa = PBXBuildFile; fileRef = 527BF2ED1974E41D0005BFF9 /* ic_member_on.png */; };
		527BF30A1974E41D0005BFF9 /* ic_menu_off.png in Resources */ = {isa = PBXBuildFile; fileRef = 527BF2EE1974E41D0005BFF9 /* ic_menu_off.png */; };
		527BF30B1974E41D0005BFF9 /* ic_menu_on.png in Resources */ = {isa = PBXBuildFile; fileRef = 527BF2EF1974E41D0005BFF9 /* ic_menu_on.png */; };
		527BF30C1974E41D0005BFF9 /* ic_update_off.png in Resources */ = {isa = PBXBuildFile; fileRef = 527BF2F01974E41D0005BFF9 /* ic_update_off.png */; };
		527BF30D1974E41D0005BFF9 /* ic_update_on.png in Resources */ = {isa = PBXBuildFile; fileRef = 527BF2F11974E41D0005BFF9 /* ic_update_on.png */; };
		527BF30E1974E41D0005BFF9 /* ic_contact_off@2x.png in Resources */ = {isa = PBXBuildFile; fileRef = 527BF2F31974E41D0005BFF9 /* ic_contact_off@2x.png */; };
		527BF30F1974E41D0005BFF9 /* ic_contact_on@2x.png in Resources */ = {isa = PBXBuildFile; fileRef = 527BF2F41974E41D0005BFF9 /* ic_contact_on@2x.png */; };
		527BF3101974E41D0005BFF9 /* ic_member_off@2x.png in Resources */ = {isa = PBXBuildFile; fileRef = 527BF2F51974E41D0005BFF9 /* ic_member_off@2x.png */; };
		527BF3111974E41D0005BFF9 /* ic_member_on@2x.png in Resources */ = {isa = PBXBuildFile; fileRef = 527BF2F61974E41D0005BFF9 /* ic_member_on@2x.png */; };
		527BF3121974E41D0005BFF9 /* ic_menu_off@2x.png in Resources */ = {isa = PBXBuildFile; fileRef = 527BF2F71974E41D0005BFF9 /* ic_menu_off@2x.png */; };
		527BF3131974E41D0005BFF9 /* ic_menu_on@2x.png in Resources */ = {isa = PBXBuildFile; fileRef = 527BF2F81974E41D0005BFF9 /* ic_menu_on@2x.png */; };
		527BF3141974E41D0005BFF9 /* ic_update_off@2x.png in Resources */ = {isa = PBXBuildFile; fileRef = 527BF2F91974E41D0005BFF9 /* ic_update_off@2x.png */; };
		527BF3151974E41D0005BFF9 /* ic_update_on@2x.png in Resources */ = {isa = PBXBuildFile; fileRef = 527BF2FA1974E41D0005BFF9 /* ic_update_on@2x.png */; };
		527BF3161974E41D0005BFF9 /* Notification_icon@2x.png in Resources */ = {isa = PBXBuildFile; fileRef = 527BF2FB1974E41D0005BFF9 /* Notification_icon@2x.png */; };
		527BF3171974E41D0005BFF9 /* Setting_icon@2x.png in Resources */ = {isa = PBXBuildFile; fileRef = 527BF2FC1974E41D0005BFF9 /* Setting_icon@2x.png */; };
		527BF3181974E41D0005BFF9 /* notificationView.xib in Resources */ = {isa = PBXBuildFile; fileRef = 527BF2FE1974E41D0005BFF9 /* notificationView.xib */; };
		527BF3191974E41D0005BFF9 /* PFCustomBadge.m in Sources */ = {isa = PBXBuildFile; fileRef = 527BF3001974E41D0005BFF9 /* PFCustomBadge.m */; };
		527BF31A1974E41D0005BFF9 /* PFTabBarItemButton.m in Sources */ = {isa = PBXBuildFile; fileRef = 527BF3021974E41D0005BFF9 /* PFTabBarItemButton.m */; };
		527BF31B1974E41D0005BFF9 /* PFTabBarViewController.m in Sources */ = {isa = PBXBuildFile; fileRef = 527BF3041974E41D0005BFF9 /* PFTabBarViewController.m */; };
		527BF3241974E6130005BFF9 /* AMBlurView.m in Sources */ = {isa = PBXBuildFile; fileRef = 527BF31F1974E6130005BFF9 /* AMBlurView.m */; };
		527BF3251974E6130005BFF9 /* UIERealTimeBlurView.m in Sources */ = {isa = PBXBuildFile; fileRef = 527BF3211974E6130005BFF9 /* UIERealTimeBlurView.m */; };
		527BF3261974E6130005BFF9 /* UIImage+BoxBlur.m in Sources */ = {isa = PBXBuildFile; fileRef = 527BF3231974E6130005BFF9 /* UIImage+BoxBlur.m */; };
		527BF32A1974EC340005BFF9 /* Powered.png in Resources */ = {isa = PBXBuildFile; fileRef = 527BF3281974EC340005BFF9 /* Powered.png */; };
		527BF32B1974EC340005BFF9 /* Powered@2x.png in Resources */ = {isa = PBXBuildFile; fileRef = 527BF3291974EC340005BFF9 /* Powered@2x.png */; };
		527BF3321974FCFA0005BFF9 /* PFContactViewController.m in Sources */ = {isa = PBXBuildFile; fileRef = 527BF3301974FCFA0005BFF9 /* PFContactViewController.m */; };
		527BF3331974FCFA0005BFF9 /* PFContactViewController_Wide.xib in Resources */ = {isa = PBXBuildFile; fileRef = 527BF3311974FCFA0005BFF9 /* PFContactViewController_Wide.xib */; };
		527BF3371974FD7A0005BFF9 /* CRGradientNavigationBar.m in Sources */ = {isa = PBXBuildFile; fileRef = 527BF3361974FD7A0005BFF9 /* CRGradientNavigationBar.m */; };
		527BF33B1974FF860005BFF9 /* chapter_branch_01.png in Resources */ = {isa = PBXBuildFile; fileRef = 527BF3381974FF860005BFF9 /* chapter_branch_01.png */; };
		527BF33C1974FF860005BFF9 /* chapter_branch_02.png in Resources */ = {isa = PBXBuildFile; fileRef = 527BF3391974FF860005BFF9 /* chapter_branch_02.png */; };
		527BF33D1974FF860005BFF9 /* chapter_branch_03.png in Resources */ = {isa = PBXBuildFile; fileRef = 527BF33A1974FF860005BFF9 /* chapter_branch_03.png */; };
		527BF343197505590005BFF9 /* PFServiceViewController.m in Sources */ = {isa = PBXBuildFile; fileRef = 527BF341197505590005BFF9 /* PFServiceViewController.m */; };
		527BF344197505590005BFF9 /* PFServiceViewController_Wide.xib in Resources */ = {isa = PBXBuildFile; fileRef = 527BF342197505590005BFF9 /* PFServiceViewController_Wide.xib */; };
		527BF348197505760005BFF9 /* PFServiceCell.m in Sources */ = {isa = PBXBuildFile; fileRef = 527BF346197505760005BFF9 /* PFServiceCell.m */; };
		527BF349197505760005BFF9 /* PFServiceCell.xib in Resources */ = {isa = PBXBuildFile; fileRef = 527BF347197505760005BFF9 /* PFServiceCell.xib */; };
		5286138E19750D5C00E8374F /* PFRoomTypeViewController.m in Sources */ = {isa = PBXBuildFile; fileRef = 5286138C19750D5C00E8374F /* PFRoomTypeViewController.m */; };
		5286138F19750D5C00E8374F /* PFRoomTypeViewController_Wide.xib in Resources */ = {isa = PBXBuildFile; fileRef = 5286138D19750D5C00E8374F /* PFRoomTypeViewController_Wide.xib */; };
		5286139319750D6F00E8374F /* PFRoomTypeCell.m in Sources */ = {isa = PBXBuildFile; fileRef = 5286139119750D6F00E8374F /* PFRoomTypeCell.m */; };
		5286139419750D6F00E8374F /* PFRoomTypeCell.xib in Resources */ = {isa = PBXBuildFile; fileRef = 5286139219750D6F00E8374F /* PFRoomTypeCell.xib */; };
		5286139819751AE800E8374F /* PFMapViewController.m in Sources */ = {isa = PBXBuildFile; fileRef = 5286139619751AE800E8374F /* PFMapViewController.m */; };
		5286139919751AE800E8374F /* PFMapViewController_Wide.xib in Resources */ = {isa = PBXBuildFile; fileRef = 5286139719751AE800E8374F /* PFMapViewController_Wide.xib */; };
		5286139D19751B1B00E8374F /* PFWebViewController.m in Sources */ = {isa = PBXBuildFile; fileRef = 5286139B19751B1B00E8374F /* PFWebViewController.m */; };
		5286139E19751B1B00E8374F /* PFWebViewController_Wide.xib in Resources */ = {isa = PBXBuildFile; fileRef = 5286139C19751B1B00E8374F /* PFWebViewController_Wide.xib */; };
/* End PBXBuildFile section */

/* Begin PBXContainerItemProxy section */
		36131653196BA14B00DB175C /* PBXContainerItemProxy */ = {
			isa = PBXContainerItemProxy;
			containerPortal = 36131625196BA14A00DB175C /* Project object */;
			proxyType = 1;
			remoteGlobalIDString = 3613162C196BA14A00DB175C;
			remoteInfo = DeLanna;
		};
/* End PBXContainerItemProxy section */

/* Begin PBXFileReference section */
		3613162D196BA14A00DB175C /* DeLanna.app */ = {isa = PBXFileReference; explicitFileType = wrapper.application; includeInIndex = 0; path = DeLanna.app; sourceTree = BUILT_PRODUCTS_DIR; };
		36131630196BA14A00DB175C /* Foundation.framework */ = {isa = PBXFileReference; lastKnownFileType = wrapper.framework; name = Foundation.framework; path = System/Library/Frameworks/Foundation.framework; sourceTree = SDKROOT; };
		36131632196BA14A00DB175C /* CoreGraphics.framework */ = {isa = PBXFileReference; lastKnownFileType = wrapper.framework; name = CoreGraphics.framework; path = System/Library/Frameworks/CoreGraphics.framework; sourceTree = SDKROOT; };
		36131634196BA14A00DB175C /* UIKit.framework */ = {isa = PBXFileReference; lastKnownFileType = wrapper.framework; name = UIKit.framework; path = System/Library/Frameworks/UIKit.framework; sourceTree = SDKROOT; };
		36131636196BA14A00DB175C /* CoreData.framework */ = {isa = PBXFileReference; lastKnownFileType = wrapper.framework; name = CoreData.framework; path = System/Library/Frameworks/CoreData.framework; sourceTree = SDKROOT; };
		3613163A196BA14A00DB175C /* DeLanna-Info.plist */ = {isa = PBXFileReference; lastKnownFileType = text.plist.xml; path = "DeLanna-Info.plist"; sourceTree = "<group>"; };
		3613163C196BA14A00DB175C /* en */ = {isa = PBXFileReference; lastKnownFileType = text.plist.strings; name = en; path = en.lproj/InfoPlist.strings; sourceTree = "<group>"; };
		3613163E196BA14A00DB175C /* main.m */ = {isa = PBXFileReference; lastKnownFileType = sourcecode.c.objc; path = main.m; sourceTree = "<group>"; };
		36131640196BA14A00DB175C /* DeLanna-Prefix.pch */ = {isa = PBXFileReference; lastKnownFileType = sourcecode.c.h; path = "DeLanna-Prefix.pch"; sourceTree = "<group>"; };
		36131641196BA14A00DB175C /* PFAppDelegate.h */ = {isa = PBXFileReference; lastKnownFileType = sourcecode.c.h; path = PFAppDelegate.h; sourceTree = "<group>"; };
		36131642196BA14A00DB175C /* PFAppDelegate.m */ = {isa = PBXFileReference; lastKnownFileType = sourcecode.c.objc; path = PFAppDelegate.m; sourceTree = "<group>"; };
		36131645196BA14B00DB175C /* DeLanna.xcdatamodel */ = {isa = PBXFileReference; lastKnownFileType = wrapper.xcdatamodel; path = DeLanna.xcdatamodel; sourceTree = "<group>"; };
		36131647196BA14B00DB175C /* Images.xcassets */ = {isa = PBXFileReference; lastKnownFileType = folder.assetcatalog; path = Images.xcassets; sourceTree = "<group>"; };
		3613164D196BA14B00DB175C /* DeLannaTests.xctest */ = {isa = PBXFileReference; explicitFileType = wrapper.cfbundle; includeInIndex = 0; path = DeLannaTests.xctest; sourceTree = BUILT_PRODUCTS_DIR; };
		3613164E196BA14B00DB175C /* XCTest.framework */ = {isa = PBXFileReference; lastKnownFileType = wrapper.framework; name = XCTest.framework; path = Library/Frameworks/XCTest.framework; sourceTree = DEVELOPER_DIR; };
		36131657196BA14B00DB175C /* DeLannaTests-Info.plist */ = {isa = PBXFileReference; lastKnownFileType = text.plist.xml; path = "DeLannaTests-Info.plist"; sourceTree = "<group>"; };
		36131659196BA14B00DB175C /* en */ = {isa = PBXFileReference; lastKnownFileType = text.plist.strings; name = en; path = en.lproj/InfoPlist.strings; sourceTree = "<group>"; };
		3613165B196BA14B00DB175C /* DeLannaTests.m */ = {isa = PBXFileReference; lastKnownFileType = sourcecode.c.objc; path = DeLannaTests.m; sourceTree = "<group>"; };
		527BF2D31974E3830005BFF9 /* PFOverViewController.h */ = {isa = PBXFileReference; fileEncoding = 4; lastKnownFileType = sourcecode.c.h; path = PFOverViewController.h; sourceTree = "<group>"; };
		527BF2D41974E3830005BFF9 /* PFOverViewController.m */ = {isa = PBXFileReference; fileEncoding = 4; lastKnownFileType = sourcecode.c.objc; path = PFOverViewController.m; sourceTree = "<group>"; };
		527BF2D51974E3830005BFF9 /* PFOverViewController_Wide.xib */ = {isa = PBXFileReference; fileEncoding = 4; lastKnownFileType = file.xib; path = PFOverViewController_Wide.xib; sourceTree = "<group>"; };
		527BF2E81974E41D0005BFF9 /* default.jpg */ = {isa = PBXFileReference; lastKnownFileType = image.jpeg; path = default.jpg; sourceTree = "<group>"; };
		527BF2EA1974E41D0005BFF9 /* ic_contact_off.png */ = {isa = PBXFileReference; lastKnownFileType = image.png; path = ic_contact_off.png; sourceTree = "<group>"; };
		527BF2EB1974E41D0005BFF9 /* ic_contact_on.png */ = {isa = PBXFileReference; lastKnownFileType = image.png; path = ic_contact_on.png; sourceTree = "<group>"; };
		527BF2EC1974E41D0005BFF9 /* ic_member_off.png */ = {isa = PBXFileReference; lastKnownFileType = image.png; path = ic_member_off.png; sourceTree = "<group>"; };
		527BF2ED1974E41D0005BFF9 /* ic_member_on.png */ = {isa = PBXFileReference; lastKnownFileType = image.png; path = ic_member_on.png; sourceTree = "<group>"; };
		527BF2EE1974E41D0005BFF9 /* ic_menu_off.png */ = {isa = PBXFileReference; lastKnownFileType = image.png; path = ic_menu_off.png; sourceTree = "<group>"; };
		527BF2EF1974E41D0005BFF9 /* ic_menu_on.png */ = {isa = PBXFileReference; lastKnownFileType = image.png; path = ic_menu_on.png; sourceTree = "<group>"; };
		527BF2F01974E41D0005BFF9 /* ic_update_off.png */ = {isa = PBXFileReference; lastKnownFileType = image.png; path = ic_update_off.png; sourceTree = "<group>"; };
		527BF2F11974E41D0005BFF9 /* ic_update_on.png */ = {isa = PBXFileReference; lastKnownFileType = image.png; path = ic_update_on.png; sourceTree = "<group>"; };
		527BF2F31974E41D0005BFF9 /* ic_contact_off@2x.png */ = {isa = PBXFileReference; lastKnownFileType = image.png; path = "ic_contact_off@2x.png"; sourceTree = "<group>"; };
		527BF2F41974E41D0005BFF9 /* ic_contact_on@2x.png */ = {isa = PBXFileReference; lastKnownFileType = image.png; path = "ic_contact_on@2x.png"; sourceTree = "<group>"; };
		527BF2F51974E41D0005BFF9 /* ic_member_off@2x.png */ = {isa = PBXFileReference; lastKnownFileType = image.png; path = "ic_member_off@2x.png"; sourceTree = "<group>"; };
		527BF2F61974E41D0005BFF9 /* ic_member_on@2x.png */ = {isa = PBXFileReference; lastKnownFileType = image.png; path = "ic_member_on@2x.png"; sourceTree = "<group>"; };
		527BF2F71974E41D0005BFF9 /* ic_menu_off@2x.png */ = {isa = PBXFileReference; lastKnownFileType = image.png; path = "ic_menu_off@2x.png"; sourceTree = "<group>"; };
		527BF2F81974E41D0005BFF9 /* ic_menu_on@2x.png */ = {isa = PBXFileReference; lastKnownFileType = image.png; path = "ic_menu_on@2x.png"; sourceTree = "<group>"; };
		527BF2F91974E41D0005BFF9 /* ic_update_off@2x.png */ = {isa = PBXFileReference; lastKnownFileType = image.png; path = "ic_update_off@2x.png"; sourceTree = "<group>"; };
		527BF2FA1974E41D0005BFF9 /* ic_update_on@2x.png */ = {isa = PBXFileReference; lastKnownFileType = image.png; path = "ic_update_on@2x.png"; sourceTree = "<group>"; };
		527BF2FB1974E41D0005BFF9 /* Notification_icon@2x.png */ = {isa = PBXFileReference; lastKnownFileType = image.png; path = "Notification_icon@2x.png"; sourceTree = "<group>"; };
		527BF2FC1974E41D0005BFF9 /* Setting_icon@2x.png */ = {isa = PBXFileReference; lastKnownFileType = image.png; path = "Setting_icon@2x.png"; sourceTree = "<group>"; };
		527BF2FE1974E41D0005BFF9 /* notificationView.xib */ = {isa = PBXFileReference; fileEncoding = 4; lastKnownFileType = file.xib; path = notificationView.xib; sourceTree = "<group>"; };
		527BF2FF1974E41D0005BFF9 /* PFCustomBadge.h */ = {isa = PBXFileReference; fileEncoding = 4; lastKnownFileType = sourcecode.c.h; path = PFCustomBadge.h; sourceTree = "<group>"; };
		527BF3001974E41D0005BFF9 /* PFCustomBadge.m */ = {isa = PBXFileReference; fileEncoding = 4; lastKnownFileType = sourcecode.c.objc; path = PFCustomBadge.m; sourceTree = "<group>"; };
		527BF3011974E41D0005BFF9 /* PFTabBarItemButton.h */ = {isa = PBXFileReference; fileEncoding = 4; lastKnownFileType = sourcecode.c.h; path = PFTabBarItemButton.h; sourceTree = "<group>"; };
		527BF3021974E41D0005BFF9 /* PFTabBarItemButton.m */ = {isa = PBXFileReference; fileEncoding = 4; lastKnownFileType = sourcecode.c.objc; path = PFTabBarItemButton.m; sourceTree = "<group>"; };
		527BF3031974E41D0005BFF9 /* PFTabBarViewController.h */ = {isa = PBXFileReference; fileEncoding = 4; lastKnownFileType = sourcecode.c.h; path = PFTabBarViewController.h; sourceTree = "<group>"; };
		527BF3041974E41D0005BFF9 /* PFTabBarViewController.m */ = {isa = PBXFileReference; fileEncoding = 4; lastKnownFileType = sourcecode.c.objc; path = PFTabBarViewController.m; sourceTree = "<group>"; };
		527BF31E1974E6130005BFF9 /* AMBlurView.h */ = {isa = PBXFileReference; fileEncoding = 4; lastKnownFileType = sourcecode.c.h; path = AMBlurView.h; sourceTree = "<group>"; };
		527BF31F1974E6130005BFF9 /* AMBlurView.m */ = {isa = PBXFileReference; fileEncoding = 4; lastKnownFileType = sourcecode.c.objc; path = AMBlurView.m; sourceTree = "<group>"; };
		527BF3201974E6130005BFF9 /* UIERealTimeBlurView.h */ = {isa = PBXFileReference; fileEncoding = 4; lastKnownFileType = sourcecode.c.h; path = UIERealTimeBlurView.h; sourceTree = "<group>"; };
		527BF3211974E6130005BFF9 /* UIERealTimeBlurView.m */ = {isa = PBXFileReference; fileEncoding = 4; lastKnownFileType = sourcecode.c.objc; path = UIERealTimeBlurView.m; sourceTree = "<group>"; };
		527BF3221974E6130005BFF9 /* UIImage+BoxBlur.h */ = {isa = PBXFileReference; fileEncoding = 4; lastKnownFileType = sourcecode.c.h; path = "UIImage+BoxBlur.h"; sourceTree = "<group>"; };
		527BF3231974E6130005BFF9 /* UIImage+BoxBlur.m */ = {isa = PBXFileReference; fileEncoding = 4; lastKnownFileType = sourcecode.c.objc; path = "UIImage+BoxBlur.m"; sourceTree = "<group>"; };
		527BF3281974EC340005BFF9 /* Powered.png */ = {isa = PBXFileReference; lastKnownFileType = image.png; path = Powered.png; sourceTree = "<group>"; };
		527BF3291974EC340005BFF9 /* Powered@2x.png */ = {isa = PBXFileReference; lastKnownFileType = image.png; path = "Powered@2x.png"; sourceTree = "<group>"; };
		527BF32F1974FCFA0005BFF9 /* PFContactViewController.h */ = {isa = PBXFileReference; fileEncoding = 4; lastKnownFileType = sourcecode.c.h; path = PFContactViewController.h; sourceTree = "<group>"; };
		527BF3301974FCFA0005BFF9 /* PFContactViewController.m */ = {isa = PBXFileReference; fileEncoding = 4; lastKnownFileType = sourcecode.c.objc; path = PFContactViewController.m; sourceTree = "<group>"; };
		527BF3311974FCFA0005BFF9 /* PFContactViewController_Wide.xib */ = {isa = PBXFileReference; fileEncoding = 4; lastKnownFileType = file.xib; path = PFContactViewController_Wide.xib; sourceTree = "<group>"; };
		527BF3351974FD7A0005BFF9 /* CRGradientNavigationBar.h */ = {isa = PBXFileReference; fileEncoding = 4; lastKnownFileType = sourcecode.c.h; path = CRGradientNavigationBar.h; sourceTree = "<group>"; };
		527BF3361974FD7A0005BFF9 /* CRGradientNavigationBar.m */ = {isa = PBXFileReference; fileEncoding = 4; lastKnownFileType = sourcecode.c.objc; path = CRGradientNavigationBar.m; sourceTree = "<group>"; };
		527BF3381974FF860005BFF9 /* chapter_branch_01.png */ = {isa = PBXFileReference; lastKnownFileType = image.png; path = chapter_branch_01.png; sourceTree = "<group>"; };
		527BF3391974FF860005BFF9 /* chapter_branch_02.png */ = {isa = PBXFileReference; lastKnownFileType = image.png; path = chapter_branch_02.png; sourceTree = "<group>"; };
		527BF33A1974FF860005BFF9 /* chapter_branch_03.png */ = {isa = PBXFileReference; lastKnownFileType = image.png; path = chapter_branch_03.png; sourceTree = "<group>"; };
		527BF340197505590005BFF9 /* PFServiceViewController.h */ = {isa = PBXFileReference; fileEncoding = 4; lastKnownFileType = sourcecode.c.h; path = PFServiceViewController.h; sourceTree = "<group>"; };
		527BF341197505590005BFF9 /* PFServiceViewController.m */ = {isa = PBXFileReference; fileEncoding = 4; lastKnownFileType = sourcecode.c.objc; path = PFServiceViewController.m; sourceTree = "<group>"; };
		527BF342197505590005BFF9 /* PFServiceViewController_Wide.xib */ = {isa = PBXFileReference; fileEncoding = 4; lastKnownFileType = file.xib; path = PFServiceViewController_Wide.xib; sourceTree = "<group>"; };
		527BF345197505760005BFF9 /* PFServiceCell.h */ = {isa = PBXFileReference; fileEncoding = 4; lastKnownFileType = sourcecode.c.h; path = PFServiceCell.h; sourceTree = "<group>"; };
		527BF346197505760005BFF9 /* PFServiceCell.m */ = {isa = PBXFileReference; fileEncoding = 4; lastKnownFileType = sourcecode.c.objc; path = PFServiceCell.m; sourceTree = "<group>"; };
		527BF347197505760005BFF9 /* PFServiceCell.xib */ = {isa = PBXFileReference; fileEncoding = 4; lastKnownFileType = file.xib; path = PFServiceCell.xib; sourceTree = "<group>"; };
		5286138B19750D5C00E8374F /* PFRoomTypeViewController.h */ = {isa = PBXFileReference; fileEncoding = 4; lastKnownFileType = sourcecode.c.h; path = PFRoomTypeViewController.h; sourceTree = "<group>"; };
		5286138C19750D5C00E8374F /* PFRoomTypeViewController.m */ = {isa = PBXFileReference; fileEncoding = 4; lastKnownFileType = sourcecode.c.objc; path = PFRoomTypeViewController.m; sourceTree = "<group>"; };
		5286138D19750D5C00E8374F /* PFRoomTypeViewController_Wide.xib */ = {isa = PBXFileReference; fileEncoding = 4; lastKnownFileType = file.xib; path = PFRoomTypeViewController_Wide.xib; sourceTree = "<group>"; };
		5286139019750D6F00E8374F /* PFRoomTypeCell.h */ = {isa = PBXFileReference; fileEncoding = 4; lastKnownFileType = sourcecode.c.h; path = PFRoomTypeCell.h; sourceTree = "<group>"; };
		5286139119750D6F00E8374F /* PFRoomTypeCell.m */ = {isa = PBXFileReference; fileEncoding = 4; lastKnownFileType = sourcecode.c.objc; path = PFRoomTypeCell.m; sourceTree = "<group>"; };
		5286139219750D6F00E8374F /* PFRoomTypeCell.xib */ = {isa = PBXFileReference; fileEncoding = 4; lastKnownFileType = file.xib; path = PFRoomTypeCell.xib; sourceTree = "<group>"; };
		5286139519751AE800E8374F /* PFMapViewController.h */ = {isa = PBXFileReference; fileEncoding = 4; lastKnownFileType = sourcecode.c.h; path = PFMapViewController.h; sourceTree = "<group>"; };
		5286139619751AE800E8374F /* PFMapViewController.m */ = {isa = PBXFileReference; fileEncoding = 4; lastKnownFileType = sourcecode.c.objc; path = PFMapViewController.m; sourceTree = "<group>"; };
		5286139719751AE800E8374F /* PFMapViewController_Wide.xib */ = {isa = PBXFileReference; fileEncoding = 4; lastKnownFileType = file.xib; path = PFMapViewController_Wide.xib; sourceTree = "<group>"; };
		5286139A19751B1B00E8374F /* PFWebViewController.h */ = {isa = PBXFileReference; fileEncoding = 4; lastKnownFileType = sourcecode.c.h; path = PFWebViewController.h; sourceTree = "<group>"; };
		5286139B19751B1B00E8374F /* PFWebViewController.m */ = {isa = PBXFileReference; fileEncoding = 4; lastKnownFileType = sourcecode.c.objc; path = PFWebViewController.m; sourceTree = "<group>"; };
		5286139C19751B1B00E8374F /* PFWebViewController_Wide.xib */ = {isa = PBXFileReference; fileEncoding = 4; lastKnownFileType = file.xib; path = PFWebViewController_Wide.xib; sourceTree = "<group>"; };
/* End PBXFileReference section */

/* Begin PBXFrameworksBuildPhase section */
		3613162A196BA14A00DB175C /* Frameworks */ = {
			isa = PBXFrameworksBuildPhase;
			buildActionMask = 2147483647;
			files = (
				36131633196BA14A00DB175C /* CoreGraphics.framework in Frameworks */,
				36131637196BA14A00DB175C /* CoreData.framework in Frameworks */,
				36131635196BA14A00DB175C /* UIKit.framework in Frameworks */,
				36131631196BA14A00DB175C /* Foundation.framework in Frameworks */,
			);
			runOnlyForDeploymentPostprocessing = 0;
		};
		3613164A196BA14B00DB175C /* Frameworks */ = {
			isa = PBXFrameworksBuildPhase;
			buildActionMask = 2147483647;
			files = (
				3613164F196BA14B00DB175C /* XCTest.framework in Frameworks */,
				36131652196BA14B00DB175C /* CoreData.framework in Frameworks */,
				36131651196BA14B00DB175C /* UIKit.framework in Frameworks */,
				36131650196BA14B00DB175C /* Foundation.framework in Frameworks */,
			);
			runOnlyForDeploymentPostprocessing = 0;
		};
/* End PBXFrameworksBuildPhase section */

/* Begin PBXGroup section */
		36131624196BA14A00DB175C = {
			isa = PBXGroup;
			children = (
				36131638196BA14A00DB175C /* DeLanna */,
				36131655196BA14B00DB175C /* DeLannaTests */,
				3613162F196BA14A00DB175C /* Frameworks */,
				3613162E196BA14A00DB175C /* Products */,
			);
			sourceTree = "<group>";
		};
		3613162E196BA14A00DB175C /* Products */ = {
			isa = PBXGroup;
			children = (
				3613162D196BA14A00DB175C /* DeLanna.app */,
				3613164D196BA14B00DB175C /* DeLannaTests.xctest */,
			);
			name = Products;
			sourceTree = "<group>";
		};
		3613162F196BA14A00DB175C /* Frameworks */ = {
			isa = PBXGroup;
			children = (
				36131630196BA14A00DB175C /* Foundation.framework */,
				36131632196BA14A00DB175C /* CoreGraphics.framework */,
				36131634196BA14A00DB175C /* UIKit.framework */,
				36131636196BA14A00DB175C /* CoreData.framework */,
				3613164E196BA14B00DB175C /* XCTest.framework */,
			);
			name = Frameworks;
			sourceTree = "<group>";
		};
		36131638196BA14A00DB175C /* DeLanna */ = {
			isa = PBXGroup;
			children = (
				527BF31C1974E6130005BFF9 /* Ext */,
				527BF2E71974E41D0005BFF9 /* ImagesTab */,
				527BF2FD1974E41D0005BFF9 /* Tabbar */,
				527BF2CE1974DE230005BFF9 /* ViewController */,
				36131641196BA14A00DB175C /* PFAppDelegate.h */,
				36131642196BA14A00DB175C /* PFAppDelegate.m */,
				36131647196BA14B00DB175C /* Images.xcassets */,
				36131644196BA14B00DB175C /* DeLanna.xcdatamodeld */,
				36131639196BA14A00DB175C /* Supporting Files */,
			);
			path = DeLanna;
			sourceTree = "<group>";
		};
		36131639196BA14A00DB175C /* Supporting Files */ = {
			isa = PBXGroup;
			children = (
				3613163A196BA14A00DB175C /* DeLanna-Info.plist */,
				3613163B196BA14A00DB175C /* InfoPlist.strings */,
				3613163E196BA14A00DB175C /* main.m */,
				36131640196BA14A00DB175C /* DeLanna-Prefix.pch */,
			);
			name = "Supporting Files";
			sourceTree = "<group>";
		};
		36131655196BA14B00DB175C /* DeLannaTests */ = {
			isa = PBXGroup;
			children = (
				3613165B196BA14B00DB175C /* DeLannaTests.m */,
				36131656196BA14B00DB175C /* Supporting Files */,
			);
			path = DeLannaTests;
			sourceTree = "<group>";
		};
		36131656196BA14B00DB175C /* Supporting Files */ = {
			isa = PBXGroup;
			children = (
				36131657196BA14B00DB175C /* DeLannaTests-Info.plist */,
				36131658196BA14B00DB175C /* InfoPlist.strings */,
			);
			name = "Supporting Files";
			sourceTree = "<group>";
		};
		527BF2CE1974DE230005BFF9 /* ViewController */ = {
			isa = PBXGroup;
			children = (
				527BF2D01974E34E0005BFF9 /* Overview */,
				527BF2D11974E34E0005BFF9 /* Roomtype */,
				527BF2D21974E34E0005BFF9 /* Service */,
				527BF2CF1974E34E0005BFF9 /* Contact */,
			);
			path = ViewController;
			sourceTree = SOURCE_ROOT;
		};
		527BF2CF1974E34E0005BFF9 /* Contact */ = {
			isa = PBXGroup;
			children = (
				527BF3271974EC340005BFF9 /* Images */,
				527BF32E1974FCFA0005BFF9 /* Contact */,
				527BF32C1974FC8D0005BFF9 /* Map */,
				527BF32D1974FC8D0005BFF9 /* Web */,
			);
			path = Contact;
			sourceTree = "<group>";
		};
		527BF2D01974E34E0005BFF9 /* Overview */ = {
			isa = PBXGroup;
			children = (
				527BF2D31974E3830005BFF9 /* PFOverViewController.h */,
				527BF2D41974E3830005BFF9 /* PFOverViewController.m */,
				527BF2D51974E3830005BFF9 /* PFOverViewController_Wide.xib */,
			);
			path = Overview;
			sourceTree = "<group>";
		};
		527BF2D11974E34E0005BFF9 /* Roomtype */ = {
			isa = PBXGroup;
			children = (
				5286138919750D5C00E8374F /* Cell */,
				5286138A19750D5C00E8374F /* Roomtype */,
			);
			path = Roomtype;
			sourceTree = "<group>";
		};
		527BF2D21974E34E0005BFF9 /* Service */ = {
			isa = PBXGroup;
			children = (
				527BF33E197505590005BFF9 /* Cell */,
				527BF33F197505590005BFF9 /* Service */,
			);
			path = Service;
			sourceTree = "<group>";
		};
		527BF2E71974E41D0005BFF9 /* ImagesTab */ = {
			isa = PBXGroup;
			children = (
				527BF2E81974E41D0005BFF9 /* default.jpg */,
				527BF2E91974E41D0005BFF9 /* ip4 */,
				527BF2F21974E41D0005BFF9 /* ip5 */,
				527BF2FB1974E41D0005BFF9 /* Notification_icon@2x.png */,
				527BF2FC1974E41D0005BFF9 /* Setting_icon@2x.png */,
			);
			path = ImagesTab;
			sourceTree = SOURCE_ROOT;
		};
		527BF2E91974E41D0005BFF9 /* ip4 */ = {
			isa = PBXGroup;
			children = (
				527BF2EA1974E41D0005BFF9 /* ic_contact_off.png */,
				527BF2EB1974E41D0005BFF9 /* ic_contact_on.png */,
				527BF2EC1974E41D0005BFF9 /* ic_member_off.png */,
				527BF2ED1974E41D0005BFF9 /* ic_member_on.png */,
				527BF2EE1974E41D0005BFF9 /* ic_menu_off.png */,
				527BF2EF1974E41D0005BFF9 /* ic_menu_on.png */,
				527BF2F01974E41D0005BFF9 /* ic_update_off.png */,
				527BF2F11974E41D0005BFF9 /* ic_update_on.png */,
			);
			path = ip4;
			sourceTree = "<group>";
		};
		527BF2F21974E41D0005BFF9 /* ip5 */ = {
			isa = PBXGroup;
			children = (
				527BF2F31974E41D0005BFF9 /* ic_contact_off@2x.png */,
				527BF2F41974E41D0005BFF9 /* ic_contact_on@2x.png */,
				527BF2F51974E41D0005BFF9 /* ic_member_off@2x.png */,
				527BF2F61974E41D0005BFF9 /* ic_member_on@2x.png */,
				527BF2F71974E41D0005BFF9 /* ic_menu_off@2x.png */,
				527BF2F81974E41D0005BFF9 /* ic_menu_on@2x.png */,
				527BF2F91974E41D0005BFF9 /* ic_update_off@2x.png */,
				527BF2FA1974E41D0005BFF9 /* ic_update_on@2x.png */,
			);
			path = ip5;
			sourceTree = "<group>";
		};
		527BF2FD1974E41D0005BFF9 /* Tabbar */ = {
			isa = PBXGroup;
			children = (
				527BF2FE1974E41D0005BFF9 /* notificationView.xib */,
				527BF2FF1974E41D0005BFF9 /* PFCustomBadge.h */,
				527BF3001974E41D0005BFF9 /* PFCustomBadge.m */,
				527BF3011974E41D0005BFF9 /* PFTabBarItemButton.h */,
				527BF3021974E41D0005BFF9 /* PFTabBarItemButton.m */,
				527BF3031974E41D0005BFF9 /* PFTabBarViewController.h */,
				527BF3041974E41D0005BFF9 /* PFTabBarViewController.m */,
			);
			path = Tabbar;
			sourceTree = SOURCE_ROOT;
		};
		527BF31C1974E6130005BFF9 /* Ext */ = {
			isa = PBXGroup;
			children = (
				527BF31D1974E6130005BFF9 /* Blur */,
				527BF3341974FD7A0005BFF9 /* CRGradientNavigationBar */,
			);
			path = Ext;
			sourceTree = SOURCE_ROOT;
		};
		527BF31D1974E6130005BFF9 /* Blur */ = {
			isa = PBXGroup;
			children = (
				527BF31E1974E6130005BFF9 /* AMBlurView.h */,
				527BF31F1974E6130005BFF9 /* AMBlurView.m */,
				527BF3201974E6130005BFF9 /* UIERealTimeBlurView.h */,
				527BF3211974E6130005BFF9 /* UIERealTimeBlurView.m */,
				527BF3221974E6130005BFF9 /* UIImage+BoxBlur.h */,
				527BF3231974E6130005BFF9 /* UIImage+BoxBlur.m */,
			);
			path = Blur;
			sourceTree = "<group>";
		};
		527BF3271974EC340005BFF9 /* Images */ = {
			isa = PBXGroup;
			children = (
				527BF3381974FF860005BFF9 /* chapter_branch_01.png */,
				527BF3391974FF860005BFF9 /* chapter_branch_02.png */,
				527BF33A1974FF860005BFF9 /* chapter_branch_03.png */,
				527BF3281974EC340005BFF9 /* Powered.png */,
				527BF3291974EC340005BFF9 /* Powered@2x.png */,
			);
			path = Images;
			sourceTree = "<group>";
		};
		527BF32C1974FC8D0005BFF9 /* Map */ = {
			isa = PBXGroup;
			children = (
				5286139519751AE800E8374F /* PFMapViewController.h */,
				5286139619751AE800E8374F /* PFMapViewController.m */,
				5286139719751AE800E8374F /* PFMapViewController_Wide.xib */,
			);
			path = Map;
			sourceTree = "<group>";
		};
		527BF32D1974FC8D0005BFF9 /* Web */ = {
			isa = PBXGroup;
			children = (
				5286139A19751B1B00E8374F /* PFWebViewController.h */,
				5286139B19751B1B00E8374F /* PFWebViewController.m */,
				5286139C19751B1B00E8374F /* PFWebViewController_Wide.xib */,
			);
			path = Web;
			sourceTree = "<group>";
		};
		527BF32E1974FCFA0005BFF9 /* Contact */ = {
			isa = PBXGroup;
			children = (
				527BF32F1974FCFA0005BFF9 /* PFContactViewController.h */,
				527BF3301974FCFA0005BFF9 /* PFContactViewController.m */,
				527BF3311974FCFA0005BFF9 /* PFContactViewController_Wide.xib */,
			);
			path = Contact;
			sourceTree = "<group>";
		};
		527BF3341974FD7A0005BFF9 /* CRGradientNavigationBar */ = {
			isa = PBXGroup;
			children = (
				527BF3351974FD7A0005BFF9 /* CRGradientNavigationBar.h */,
				527BF3361974FD7A0005BFF9 /* CRGradientNavigationBar.m */,
			);
			path = CRGradientNavigationBar;
			sourceTree = "<group>";
		};
		527BF33E197505590005BFF9 /* Cell */ = {
			isa = PBXGroup;
			children = (
				527BF345197505760005BFF9 /* PFServiceCell.h */,
				527BF346197505760005BFF9 /* PFServiceCell.m */,
				527BF347197505760005BFF9 /* PFServiceCell.xib */,
			);
			path = Cell;
			sourceTree = "<group>";
		};
		527BF33F197505590005BFF9 /* Service */ = {
			isa = PBXGroup;
			children = (
				527BF340197505590005BFF9 /* PFServiceViewController.h */,
				527BF341197505590005BFF9 /* PFServiceViewController.m */,
				527BF342197505590005BFF9 /* PFServiceViewController_Wide.xib */,
			);
			path = Service;
			sourceTree = "<group>";
		};
		5286138919750D5C00E8374F /* Cell */ = {
			isa = PBXGroup;
			children = (
				5286139019750D6F00E8374F /* PFRoomTypeCell.h */,
				5286139119750D6F00E8374F /* PFRoomTypeCell.m */,
				5286139219750D6F00E8374F /* PFRoomTypeCell.xib */,
			);
			path = Cell;
			sourceTree = "<group>";
		};
		5286138A19750D5C00E8374F /* Roomtype */ = {
			isa = PBXGroup;
			children = (
				5286138B19750D5C00E8374F /* PFRoomTypeViewController.h */,
				5286138C19750D5C00E8374F /* PFRoomTypeViewController.m */,
				5286138D19750D5C00E8374F /* PFRoomTypeViewController_Wide.xib */,
			);
			path = Roomtype;
			sourceTree = "<group>";
		};
/* End PBXGroup section */

/* Begin PBXNativeTarget section */
		3613162C196BA14A00DB175C /* DeLanna */ = {
			isa = PBXNativeTarget;
			buildConfigurationList = 3613165F196BA14B00DB175C /* Build configuration list for PBXNativeTarget "DeLanna" */;
			buildPhases = (
				36131629196BA14A00DB175C /* Sources */,
				3613162A196BA14A00DB175C /* Frameworks */,
				3613162B196BA14A00DB175C /* Resources */,
			);
			buildRules = (
			);
			dependencies = (
			);
			name = DeLanna;
			productName = DeLanna;
			productReference = 3613162D196BA14A00DB175C /* DeLanna.app */;
			productType = "com.apple.product-type.application";
		};
		3613164C196BA14B00DB175C /* DeLannaTests */ = {
			isa = PBXNativeTarget;
			buildConfigurationList = 36131662196BA14B00DB175C /* Build configuration list for PBXNativeTarget "DeLannaTests" */;
			buildPhases = (
				36131649196BA14B00DB175C /* Sources */,
				3613164A196BA14B00DB175C /* Frameworks */,
				3613164B196BA14B00DB175C /* Resources */,
			);
			buildRules = (
			);
			dependencies = (
				36131654196BA14B00DB175C /* PBXTargetDependency */,
			);
			name = DeLannaTests;
			productName = DeLannaTests;
			productReference = 3613164D196BA14B00DB175C /* DeLannaTests.xctest */;
			productType = "com.apple.product-type.bundle.unit-test";
		};
/* End PBXNativeTarget section */

/* Begin PBXProject section */
		36131625196BA14A00DB175C /* Project object */ = {
			isa = PBXProject;
			attributes = {
				CLASSPREFIX = PF;
				LastUpgradeCheck = 0510;
				ORGANIZATIONNAME = "Platwo fusion";
				TargetAttributes = {
					3613162C196BA14A00DB175C = {
						DevelopmentTeam = Q246MJM9JV;
					};
					3613164C196BA14B00DB175C = {
						TestTargetID = 3613162C196BA14A00DB175C;
					};
				};
			};
			buildConfigurationList = 36131628196BA14A00DB175C /* Build configuration list for PBXProject "DeLanna" */;
			compatibilityVersion = "Xcode 3.2";
			developmentRegion = English;
			hasScannedForEncodings = 0;
			knownRegions = (
				en,
			);
			mainGroup = 36131624196BA14A00DB175C;
			productRefGroup = 3613162E196BA14A00DB175C /* Products */;
			projectDirPath = "";
			projectRoot = "";
			targets = (
				3613162C196BA14A00DB175C /* DeLanna */,
				3613164C196BA14B00DB175C /* DeLannaTests */,
			);
		};
/* End PBXProject section */

/* Begin PBXResourcesBuildPhase section */
		3613162B196BA14A00DB175C /* Resources */ = {
			isa = PBXResourcesBuildPhase;
			buildActionMask = 2147483647;
			files = (
				527BF30A1974E41D0005BFF9 /* ic_menu_off.png in Resources */,
				527BF3181974E41D0005BFF9 /* notificationView.xib in Resources */,
				527BF2D71974E3830005BFF9 /* PFOverViewController_Wide.xib in Resources */,
				527BF3101974E41D0005BFF9 /* ic_member_off@2x.png in Resources */,
				527BF3071974E41D0005BFF9 /* ic_contact_on.png in Resources */,
				527BF33B1974FF860005BFF9 /* chapter_branch_01.png in Resources */,
				527BF30E1974E41D0005BFF9 /* ic_contact_off@2x.png in Resources */,
				527BF30C1974E41D0005BFF9 /* ic_update_off.png in Resources */,
				527BF3141974E41D0005BFF9 /* ic_update_off@2x.png in Resources */,
				527BF349197505760005BFF9 /* PFServiceCell.xib in Resources */,
				5286138F19750D5C00E8374F /* PFRoomTypeViewController_Wide.xib in Resources */,
				5286139919751AE800E8374F /* PFMapViewController_Wide.xib in Resources */,
				527BF33C1974FF860005BFF9 /* chapter_branch_02.png in Resources */,
				527BF3081974E41D0005BFF9 /* ic_member_off.png in Resources */,
				527BF30D1974E41D0005BFF9 /* ic_update_on.png in Resources */,
				527BF3151974E41D0005BFF9 /* ic_update_on@2x.png in Resources */,
				527BF3051974E41D0005BFF9 /* default.jpg in Resources */,
				527BF3331974FCFA0005BFF9 /* PFContactViewController_Wide.xib in Resources */,
				527BF3171974E41D0005BFF9 /* Setting_icon@2x.png in Resources */,
				527BF344197505590005BFF9 /* PFServiceViewController_Wide.xib in Resources */,
				527BF30F1974E41D0005BFF9 /* ic_contact_on@2x.png in Resources */,
				527BF30B1974E41D0005BFF9 /* ic_menu_on.png in Resources */,
				527BF33D1974FF860005BFF9 /* chapter_branch_03.png in Resources */,
				527BF3131974E41D0005BFF9 /* ic_menu_on@2x.png in Resources */,
				5286139E19751B1B00E8374F /* PFWebViewController_Wide.xib in Resources */,
				527BF3111974E41D0005BFF9 /* ic_member_on@2x.png in Resources */,
				3613163D196BA14A00DB175C /* InfoPlist.strings in Resources */,
				527BF32B1974EC340005BFF9 /* Powered@2x.png in Resources */,
				527BF3061974E41D0005BFF9 /* ic_contact_off.png in Resources */,
				5286139419750D6F00E8374F /* PFRoomTypeCell.xib in Resources */,
				527BF32A1974EC340005BFF9 /* Powered.png in Resources */,
				527BF3161974E41D0005BFF9 /* Notification_icon@2x.png in Resources */,
				527BF3121974E41D0005BFF9 /* ic_menu_off@2x.png in Resources */,
				36131648196BA14B00DB175C /* Images.xcassets in Resources */,
				527BF3091974E41D0005BFF9 /* ic_member_on.png in Resources */,
			);
			runOnlyForDeploymentPostprocessing = 0;
		};
		3613164B196BA14B00DB175C /* Resources */ = {
			isa = PBXResourcesBuildPhase;
			buildActionMask = 2147483647;
			files = (
				3613165A196BA14B00DB175C /* InfoPlist.strings in Resources */,
			);
			runOnlyForDeploymentPostprocessing = 0;
		};
/* End PBXResourcesBuildPhase section */

/* Begin PBXSourcesBuildPhase section */
		36131629196BA14A00DB175C /* Sources */ = {
			isa = PBXSourcesBuildPhase;
			buildActionMask = 2147483647;
			files = (
				5286139319750D6F00E8374F /* PFRoomTypeCell.m in Sources */,
				527BF31B1974E41D0005BFF9 /* PFTabBarViewController.m in Sources */,
				527BF3321974FCFA0005BFF9 /* PFContactViewController.m in Sources */,
				5286139D19751B1B00E8374F /* PFWebViewController.m in Sources */,
				527BF31A1974E41D0005BFF9 /* PFTabBarItemButton.m in Sources */,
				527BF3251974E6130005BFF9 /* UIERealTimeBlurView.m in Sources */,
				5286139819751AE800E8374F /* PFMapViewController.m in Sources */,
				36131646196BA14B00DB175C /* DeLanna.xcdatamodeld in Sources */,
				36131643196BA14A00DB175C /* PFAppDelegate.m in Sources */,
				527BF343197505590005BFF9 /* PFServiceViewController.m in Sources */,
				527BF3371974FD7A0005BFF9 /* CRGradientNavigationBar.m in Sources */,
				5286138E19750D5C00E8374F /* PFRoomTypeViewController.m in Sources */,
				527BF348197505760005BFF9 /* PFServiceCell.m in Sources */,
				527BF3241974E6130005BFF9 /* AMBlurView.m in Sources */,
				527BF2D61974E3830005BFF9 /* PFOverViewController.m in Sources */,
				527BF3261974E6130005BFF9 /* UIImage+BoxBlur.m in Sources */,
				527BF3191974E41D0005BFF9 /* PFCustomBadge.m in Sources */,
				3613163F196BA14A00DB175C /* main.m in Sources */,
			);
			runOnlyForDeploymentPostprocessing = 0;
		};
		36131649196BA14B00DB175C /* Sources */ = {
			isa = PBXSourcesBuildPhase;
			buildActionMask = 2147483647;
			files = (
				3613165C196BA14B00DB175C /* DeLannaTests.m in Sources */,
			);
			runOnlyForDeploymentPostprocessing = 0;
		};
/* End PBXSourcesBuildPhase section */

/* Begin PBXTargetDependency section */
		36131654196BA14B00DB175C /* PBXTargetDependency */ = {
			isa = PBXTargetDependency;
			target = 3613162C196BA14A00DB175C /* DeLanna */;
			targetProxy = 36131653196BA14B00DB175C /* PBXContainerItemProxy */;
		};
/* End PBXTargetDependency section */

/* Begin PBXVariantGroup section */
		3613163B196BA14A00DB175C /* InfoPlist.strings */ = {
			isa = PBXVariantGroup;
			children = (
				3613163C196BA14A00DB175C /* en */,
			);
			name = InfoPlist.strings;
			sourceTree = "<group>";
		};
		36131658196BA14B00DB175C /* InfoPlist.strings */ = {
			isa = PBXVariantGroup;
			children = (
				36131659196BA14B00DB175C /* en */,
			);
			name = InfoPlist.strings;
			sourceTree = "<group>";
		};
/* End PBXVariantGroup section */

/* Begin XCBuildConfiguration section */
		3613165D196BA14B00DB175C /* Debug */ = {
			isa = XCBuildConfiguration;
			buildSettings = {
				ALWAYS_SEARCH_USER_PATHS = NO;
				CLANG_CXX_LANGUAGE_STANDARD = "gnu++0x";
				CLANG_CXX_LIBRARY = "libc++";
				CLANG_ENABLE_MODULES = YES;
				CLANG_ENABLE_OBJC_ARC = YES;
				CLANG_WARN_BOOL_CONVERSION = YES;
				CLANG_WARN_CONSTANT_CONVERSION = YES;
				CLANG_WARN_DIRECT_OBJC_ISA_USAGE = YES_ERROR;
				CLANG_WARN_EMPTY_BODY = YES;
				CLANG_WARN_ENUM_CONVERSION = YES;
				CLANG_WARN_INT_CONVERSION = YES;
				CLANG_WARN_OBJC_ROOT_CLASS = YES_ERROR;
				CLANG_WARN__DUPLICATE_METHOD_MATCH = YES;
				"CODE_SIGN_IDENTITY[sdk=iphoneos*]" = "iPhone Developer";
				COPY_PHASE_STRIP = NO;
				GCC_C_LANGUAGE_STANDARD = gnu99;
				GCC_DYNAMIC_NO_PIC = NO;
				GCC_OPTIMIZATION_LEVEL = 0;
				GCC_PREPROCESSOR_DEFINITIONS = (
					"DEBUG=1",
					"$(inherited)",
				);
				GCC_SYMBOLS_PRIVATE_EXTERN = NO;
				GCC_WARN_64_TO_32_BIT_CONVERSION = YES;
				GCC_WARN_ABOUT_RETURN_TYPE = YES_ERROR;
				GCC_WARN_UNDECLARED_SELECTOR = YES;
				GCC_WARN_UNINITIALIZED_AUTOS = YES_AGGRESSIVE;
				GCC_WARN_UNUSED_FUNCTION = YES;
				GCC_WARN_UNUSED_VARIABLE = YES;
				IPHONEOS_DEPLOYMENT_TARGET = 7.1;
				ONLY_ACTIVE_ARCH = YES;
				SDKROOT = iphoneos;
			};
			name = Debug;
		};
		3613165E196BA14B00DB175C /* Release */ = {
			isa = XCBuildConfiguration;
			buildSettings = {
				ALWAYS_SEARCH_USER_PATHS = NO;
				CLANG_CXX_LANGUAGE_STANDARD = "gnu++0x";
				CLANG_CXX_LIBRARY = "libc++";
				CLANG_ENABLE_MODULES = YES;
				CLANG_ENABLE_OBJC_ARC = YES;
				CLANG_WARN_BOOL_CONVERSION = YES;
				CLANG_WARN_CONSTANT_CONVERSION = YES;
				CLANG_WARN_DIRECT_OBJC_ISA_USAGE = YES_ERROR;
				CLANG_WARN_EMPTY_BODY = YES;
				CLANG_WARN_ENUM_CONVERSION = YES;
				CLANG_WARN_INT_CONVERSION = YES;
				CLANG_WARN_OBJC_ROOT_CLASS = YES_ERROR;
				CLANG_WARN__DUPLICATE_METHOD_MATCH = YES;
				"CODE_SIGN_IDENTITY[sdk=iphoneos*]" = "iPhone Developer";
				COPY_PHASE_STRIP = YES;
				ENABLE_NS_ASSERTIONS = NO;
				GCC_C_LANGUAGE_STANDARD = gnu99;
				GCC_WARN_64_TO_32_BIT_CONVERSION = YES;
				GCC_WARN_ABOUT_RETURN_TYPE = YES_ERROR;
				GCC_WARN_UNDECLARED_SELECTOR = YES;
				GCC_WARN_UNINITIALIZED_AUTOS = YES_AGGRESSIVE;
				GCC_WARN_UNUSED_FUNCTION = YES;
				GCC_WARN_UNUSED_VARIABLE = YES;
				IPHONEOS_DEPLOYMENT_TARGET = 7.1;
				SDKROOT = iphoneos;
				VALIDATE_PRODUCT = YES;
			};
			name = Release;
		};
		36131660196BA14B00DB175C /* Debug */ = {
			isa = XCBuildConfiguration;
			buildSettings = {
				ASSETCATALOG_COMPILER_APPICON_NAME = AppIcon;
				ASSETCATALOG_COMPILER_LAUNCHIMAGE_NAME = LaunchImage;
				CODE_SIGN_IDENTITY = "iPhone Developer";
				"CODE_SIGN_IDENTITY[sdk=iphoneos*]" = "iPhone Developer";
				GCC_PRECOMPILE_PREFIX_HEADER = YES;
				GCC_PREFIX_HEADER = "DeLanna/DeLanna-Prefix.pch";
				INFOPLIST_FILE = "DeLanna/DeLanna-Info.plist";
				PRODUCT_NAME = "$(TARGET_NAME)";
				PROVISIONING_PROFILE = "";
				WRAPPER_EXTENSION = app;
			};
			name = Debug;
		};
		36131661196BA14B00DB175C /* Release */ = {
			isa = XCBuildConfiguration;
			buildSettings = {
				ASSETCATALOG_COMPILER_APPICON_NAME = AppIcon;
				ASSETCATALOG_COMPILER_LAUNCHIMAGE_NAME = LaunchImage;
				CODE_SIGN_IDENTITY = "iPhone Developer";
				"CODE_SIGN_IDENTITY[sdk=iphoneos*]" = "iPhone Developer";
				GCC_PRECOMPILE_PREFIX_HEADER = YES;
				GCC_PREFIX_HEADER = "DeLanna/DeLanna-Prefix.pch";
				INFOPLIST_FILE = "DeLanna/DeLanna-Info.plist";
				PRODUCT_NAME = "$(TARGET_NAME)";
				PROVISIONING_PROFILE = "";
				WRAPPER_EXTENSION = app;
			};
			name = Release;
		};
		36131663196BA14B00DB175C /* Debug */ = {
			isa = XCBuildConfiguration;
			buildSettings = {
				BUNDLE_LOADER = "$(BUILT_PRODUCTS_DIR)/DeLanna.app/DeLanna";
				FRAMEWORK_SEARCH_PATHS = (
					"$(SDKROOT)/Developer/Library/Frameworks",
					"$(inherited)",
					"$(DEVELOPER_FRAMEWORKS_DIR)",
				);
				GCC_PRECOMPILE_PREFIX_HEADER = YES;
				GCC_PREFIX_HEADER = "DeLanna/DeLanna-Prefix.pch";
				GCC_PREPROCESSOR_DEFINITIONS = (
					"DEBUG=1",
					"$(inherited)",
				);
				INFOPLIST_FILE = "DeLannaTests/DeLannaTests-Info.plist";
				PRODUCT_NAME = "$(TARGET_NAME)";
				TEST_HOST = "$(BUNDLE_LOADER)";
				WRAPPER_EXTENSION = xctest;
			};
			name = Debug;
		};
		36131664196BA14B00DB175C /* Release */ = {
			isa = XCBuildConfiguration;
			buildSettings = {
				BUNDLE_LOADER = "$(BUILT_PRODUCTS_DIR)/DeLanna.app/DeLanna";
				FRAMEWORK_SEARCH_PATHS = (
					"$(SDKROOT)/Developer/Library/Frameworks",
					"$(inherited)",
					"$(DEVELOPER_FRAMEWORKS_DIR)",
				);
				GCC_PRECOMPILE_PREFIX_HEADER = YES;
				GCC_PREFIX_HEADER = "DeLanna/DeLanna-Prefix.pch";
				INFOPLIST_FILE = "DeLannaTests/DeLannaTests-Info.plist";
				PRODUCT_NAME = "$(TARGET_NAME)";
				TEST_HOST = "$(BUNDLE_LOADER)";
				WRAPPER_EXTENSION = xctest;
			};
			name = Release;
		};
/* End XCBuildConfiguration section */

/* Begin XCConfigurationList section */
		36131628196BA14A00DB175C /* Build configuration list for PBXProject "DeLanna" */ = {
			isa = XCConfigurationList;
			buildConfigurations = (
				3613165D196BA14B00DB175C /* Debug */,
				3613165E196BA14B00DB175C /* Release */,
			);
			defaultConfigurationIsVisible = 0;
			defaultConfigurationName = Release;
		};
		3613165F196BA14B00DB175C /* Build configuration list for PBXNativeTarget "DeLanna" */ = {
			isa = XCConfigurationList;
			buildConfigurations = (
				36131660196BA14B00DB175C /* Debug */,
				36131661196BA14B00DB175C /* Release */,
			);
			defaultConfigurationIsVisible = 0;
			defaultConfigurationName = Release;
		};
		36131662196BA14B00DB175C /* Build configuration list for PBXNativeTarget "DeLannaTests" */ = {
			isa = XCConfigurationList;
			buildConfigurations = (
				36131663196BA14B00DB175C /* Debug */,
				36131664196BA14B00DB175C /* Release */,
			);
			defaultConfigurationIsVisible = 0;
			defaultConfigurationName = Release;
		};
/* End XCConfigurationList section */

/* Begin XCVersionGroup section */
		36131644196BA14B00DB175C /* DeLanna.xcdatamodeld */ = {
			isa = XCVersionGroup;
			children = (
				36131645196BA14B00DB175C /* DeLanna.xcdatamodel */,
			);
			currentVersion = 36131645196BA14B00DB175C /* DeLanna.xcdatamodel */;
			path = DeLanna.xcdatamodeld;
			sourceTree = "<group>";
			versionGroupType = wrapper.xcdatamodel;
		};
/* End XCVersionGroup section */
	};
	rootObject = 36131625196BA14A00DB175C /* Project object */;
}
