// !$*UTF8*$!
{
	archiveVersion = 1;
	classes = {
	};
	objectVersion = 46;
	objects = {

/* Begin PBXBuildFile section */
		36131631196BA14A00DB175C /* Foundation.framework in Frameworks */ = {isa = PBXBuildFile; fileRef = 36131630196BA14A00DB175C /* Foundation.framework */; };
		36131633196BA14A00DB175C /* CoreGraphics.framework in Frameworks */ = {isa = PBXBuildFile; fileRef = 36131632196BA14A00DB175C /* CoreGraphics.framework */; };
		36131635196BA14A00DB175C /* UIKit.framework in Frameworks */ = {isa = PBXBuildFile; fileRef = 36131634196BA14A00DB175C /* UIKit.framework */; };
		36131637196BA14A00DB175C /* CoreData.framework in Frameworks */ = {isa = PBXBuildFile; fileRef = 36131636196BA14A00DB175C /* CoreData.framework */; };
		3613163D196BA14A00DB175C /* InfoPlist.strings in Resources */ = {isa = PBXBuildFile; fileRef = 3613163B196BA14A00DB175C /* InfoPlist.strings */; };
		3613163F196BA14A00DB175C /* main.m in Sources */ = {isa = PBXBuildFile; fileRef = 3613163E196BA14A00DB175C /* main.m */; };
		36131643196BA14A00DB175C /* PFAppDelegate.m in Sources */ = {isa = PBXBuildFile; fileRef = 36131642196BA14A00DB175C /* PFAppDelegate.m */; };
		36131646196BA14B00DB175C /* DeLanna.xcdatamodeld in Sources */ = {isa = PBXBuildFile; fileRef = 36131644196BA14B00DB175C /* DeLanna.xcdatamodeld */; };
		36131648196BA14B00DB175C /* Images.xcassets in Resources */ = {isa = PBXBuildFile; fileRef = 36131647196BA14B00DB175C /* Images.xcassets */; };
		3613164F196BA14B00DB175C /* XCTest.framework in Frameworks */ = {isa = PBXBuildFile; fileRef = 3613164E196BA14B00DB175C /* XCTest.framework */; };
		36131650196BA14B00DB175C /* Foundation.framework in Frameworks */ = {isa = PBXBuildFile; fileRef = 36131630196BA14A00DB175C /* Foundation.framework */; };
		36131651196BA14B00DB175C /* UIKit.framework in Frameworks */ = {isa = PBXBuildFile; fileRef = 36131634196BA14A00DB175C /* UIKit.framework */; };
		36131652196BA14B00DB175C /* CoreData.framework in Frameworks */ = {isa = PBXBuildFile; fileRef = 36131636196BA14A00DB175C /* CoreData.framework */; };
		3613165A196BA14B00DB175C /* InfoPlist.strings in Resources */ = {isa = PBXBuildFile; fileRef = 36131658196BA14B00DB175C /* InfoPlist.strings */; };
		3613165C196BA14B00DB175C /* DeLannaTests.m in Sources */ = {isa = PBXBuildFile; fileRef = 3613165B196BA14B00DB175C /* DeLannaTests.m */; };
/* End PBXBuildFile section */

/* Begin PBXContainerItemProxy section */
		36131653196BA14B00DB175C /* PBXContainerItemProxy */ = {
			isa = PBXContainerItemProxy;
			containerPortal = 36131625196BA14A00DB175C /* Project object */;
			proxyType = 1;
			remoteGlobalIDString = 3613162C196BA14A00DB175C;
			remoteInfo = DeLanna;
		};
/* End PBXContainerItemProxy section */

/* Begin PBXFileReference section */
		3613162D196BA14A00DB175C /* DeLanna.app */ = {isa = PBXFileReference; explicitFileType = wrapper.application; includeInIndex = 0; path = DeLanna.app; sourceTree = BUILT_PRODUCTS_DIR; };
		36131630196BA14A00DB175C /* Foundation.framework */ = {isa = PBXFileReference; lastKnownFileType = wrapper.framework; name = Foundation.framework; path = System/Library/Frameworks/Foundation.framework; sourceTree = SDKROOT; };
		36131632196BA14A00DB175C /* CoreGraphics.framework */ = {isa = PBXFileReference; lastKnownFileType = wrapper.framework; name = CoreGraphics.framework; path = System/Library/Frameworks/CoreGraphics.framework; sourceTree = SDKROOT; };
		36131634196BA14A00DB175C /* UIKit.framework */ = {isa = PBXFileReference; lastKnownFileType = wrapper.framework; name = UIKit.framework; path = System/Library/Frameworks/UIKit.framework; sourceTree = SDKROOT; };
		36131636196BA14A00DB175C /* CoreData.framework */ = {isa = PBXFileReference; lastKnownFileType = wrapper.framework; name = CoreData.framework; path = System/Library/Frameworks/CoreData.framework; sourceTree = SDKROOT; };
		3613163A196BA14A00DB175C /* DeLanna-Info.plist */ = {isa = PBXFileReference; lastKnownFileType = text.plist.xml; path = "DeLanna-Info.plist"; sourceTree = "<group>"; };
		3613163C196BA14A00DB175C /* en */ = {isa = PBXFileReference; lastKnownFileType = text.plist.strings; name = en; path = en.lproj/InfoPlist.strings; sourceTree = "<group>"; };
		3613163E196BA14A00DB175C /* main.m */ = {isa = PBXFileReference; lastKnownFileType = sourcecode.c.objc; path = main.m; sourceTree = "<group>"; };
		36131640196BA14A00DB175C /* DeLanna-Prefix.pch */ = {isa = PBXFileReference; lastKnownFileType = sourcecode.c.h; path = "DeLanna-Prefix.pch"; sourceTree = "<group>"; };
		36131641196BA14A00DB175C /* PFAppDelegate.h */ = {isa = PBXFileReference; lastKnownFileType = sourcecode.c.h; path = PFAppDelegate.h; sourceTree = "<group>"; };
		36131642196BA14A00DB175C /* PFAppDelegate.m */ = {isa = PBXFileReference; lastKnownFileType = sourcecode.c.objc; path = PFAppDelegate.m; sourceTree = "<group>"; };
		36131645196BA14B00DB175C /* DeLanna.xcdatamodel */ = {isa = PBXFileReference; lastKnownFileType = wrapper.xcdatamodel; path = DeLanna.xcdatamodel; sourceTree = "<group>"; };
		36131647196BA14B00DB175C /* Images.xcassets */ = {isa = PBXFileReference; lastKnownFileType = folder.assetcatalog; path = Images.xcassets; sourceTree = "<group>"; };
		3613164D196BA14B00DB175C /* DeLannaTests.xctest */ = {isa = PBXFileReference; explicitFileType = wrapper.cfbundle; includeInIndex = 0; path = DeLannaTests.xctest; sourceTree = BUILT_PRODUCTS_DIR; };
		3613164E196BA14B00DB175C /* XCTest.framework */ = {isa = PBXFileReference; lastKnownFileType = wrapper.framework; name = XCTest.framework; path = Library/Frameworks/XCTest.framework; sourceTree = DEVELOPER_DIR; };
		36131657196BA14B00DB175C /* DeLannaTests-Info.plist */ = {isa = PBXFileReference; lastKnownFileType = text.plist.xml; path = "DeLannaTests-Info.plist"; sourceTree = "<group>"; };
		36131659196BA14B00DB175C /* en */ = {isa = PBXFileReference; lastKnownFileType = text.plist.strings; name = en; path = en.lproj/InfoPlist.strings; sourceTree = "<group>"; };
		3613165B196BA14B00DB175C /* DeLannaTests.m */ = {isa = PBXFileReference; lastKnownFileType = sourcecode.c.objc; path = DeLannaTests.m; sourceTree = "<group>"; };
/* End PBXFileReference section */

/* Begin PBXFrameworksBuildPhase section */
		3613162A196BA14A00DB175C /* Frameworks */ = {
			isa = PBXFrameworksBuildPhase;
			buildActionMask = 2147483647;
			files = (
				36131633196BA14A00DB175C /* CoreGraphics.framework in Frameworks */,
				36131637196BA14A00DB175C /* CoreData.framework in Frameworks */,
				36131635196BA14A00DB175C /* UIKit.framework in Frameworks */,
				36131631196BA14A00DB175C /* Foundation.framework in Frameworks */,
			);
			runOnlyForDeploymentPostprocessing = 0;
		};
		3613164A196BA14B00DB175C /* Frameworks */ = {
			isa = PBXFrameworksBuildPhase;
			buildActionMask = 2147483647;
			files = (
				3613164F196BA14B00DB175C /* XCTest.framework in Frameworks */,
				36131652196BA14B00DB175C /* CoreData.framework in Frameworks */,
				36131651196BA14B00DB175C /* UIKit.framework in Frameworks */,
				36131650196BA14B00DB175C /* Foundation.framework in Frameworks */,
			);
			runOnlyForDeploymentPostprocessing = 0;
		};
/* End PBXFrameworksBuildPhase section */

/* Begin PBXGroup section */
		36131624196BA14A00DB175C = {
			isa = PBXGroup;
			children = (
				36131638196BA14A00DB175C /* DeLanna */,
				36131655196BA14B00DB175C /* DeLannaTests */,
				3613162F196BA14A00DB175C /* Frameworks */,
				3613162E196BA14A00DB175C /* Products */,
			);
			sourceTree = "<group>";
		};
		3613162E196BA14A00DB175C /* Products */ = {
			isa = PBXGroup;
			children = (
				3613162D196BA14A00DB175C /* DeLanna.app */,
				3613164D196BA14B00DB175C /* DeLannaTests.xctest */,
			);
			name = Products;
			sourceTree = "<group>";
		};
		3613162F196BA14A00DB175C /* Frameworks */ = {
			isa = PBXGroup;
			children = (
				36131630196BA14A00DB175C /* Foundation.framework */,
				36131632196BA14A00DB175C /* CoreGraphics.framework */,
				36131634196BA14A00DB175C /* UIKit.framework */,
				36131636196BA14A00DB175C /* CoreData.framework */,
				3613164E196BA14B00DB175C /* XCTest.framework */,
			);
			name = Frameworks;
			sourceTree = "<group>";
		};
		36131638196BA14A00DB175C /* DeLanna */ = {
			isa = PBXGroup;
			children = (
				36131641196BA14A00DB175C /* PFAppDelegate.h */,
				36131642196BA14A00DB175C /* PFAppDelegate.m */,
				36131647196BA14B00DB175C /* Images.xcassets */,
				36131644196BA14B00DB175C /* DeLanna.xcdatamodeld */,
				36131639196BA14A00DB175C /* Supporting Files */,
			);
			path = DeLanna;
			sourceTree = "<group>";
		};
		36131639196BA14A00DB175C /* Supporting Files */ = {
			isa = PBXGroup;
			children = (
				3613163A196BA14A00DB175C /* DeLanna-Info.plist */,
				3613163B196BA14A00DB175C /* InfoPlist.strings */,
				3613163E196BA14A00DB175C /* main.m */,
				36131640196BA14A00DB175C /* DeLanna-Prefix.pch */,
			);
			name = "Supporting Files";
			sourceTree = "<group>";
		};
		36131655196BA14B00DB175C /* DeLannaTests */ = {
			isa = PBXGroup;
			children = (
				3613165B196BA14B00DB175C /* DeLannaTests.m */,
				36131656196BA14B00DB175C /* Supporting Files */,
			);
			path = DeLannaTests;
			sourceTree = "<group>";
		};
		36131656196BA14B00DB175C /* Supporting Files */ = {
			isa = PBXGroup;
			children = (
				36131657196BA14B00DB175C /* DeLannaTests-Info.plist */,
				36131658196BA14B00DB175C /* InfoPlist.strings */,
			);
			name = "Supporting Files";
			sourceTree = "<group>";
		};
/* End PBXGroup section */

/* Begin PBXNativeTarget section */
		3613162C196BA14A00DB175C /* DeLanna */ = {
			isa = PBXNativeTarget;
			buildConfigurationList = 3613165F196BA14B00DB175C /* Build configuration list for PBXNativeTarget "DeLanna" */;
			buildPhases = (
				36131629196BA14A00DB175C /* Sources */,
				3613162A196BA14A00DB175C /* Frameworks */,
				3613162B196BA14A00DB175C /* Resources */,
			);
			buildRules = (
			);
			dependencies = (
			);
			name = DeLanna;
			productName = DeLanna;
			productReference = 3613162D196BA14A00DB175C /* DeLanna.app */;
			productType = "com.apple.product-type.application";
		};
		3613164C196BA14B00DB175C /* DeLannaTests */ = {
			isa = PBXNativeTarget;
			buildConfigurationList = 36131662196BA14B00DB175C /* Build configuration list for PBXNativeTarget "DeLannaTests" */;
			buildPhases = (
				36131649196BA14B00DB175C /* Sources */,
				3613164A196BA14B00DB175C /* Frameworks */,
				3613164B196BA14B00DB175C /* Resources */,
			);
			buildRules = (
			);
			dependencies = (
				36131654196BA14B00DB175C /* PBXTargetDependency */,
			);
			name = DeLannaTests;
			productName = DeLannaTests;
			productReference = 3613164D196BA14B00DB175C /* DeLannaTests.xctest */;
			productType = "com.apple.product-type.bundle.unit-test";
		};
/* End PBXNativeTarget section */

/* Begin PBXProject section */
		36131625196BA14A00DB175C /* Project object */ = {
			isa = PBXProject;
			attributes = {
				CLASSPREFIX = PF;
				LastUpgradeCheck = 0510;
				ORGANIZATIONNAME = "Platwo fusion";
				TargetAttributes = {
					3613162C196BA14A00DB175C = {
						DevelopmentTeam = Q246MJM9JV;
					};
					3613164C196BA14B00DB175C = {
						TestTargetID = 3613162C196BA14A00DB175C;
					};
				};
			};
			buildConfigurationList = 36131628196BA14A00DB175C /* Build configuration list for PBXProject "DeLanna" */;
			compatibilityVersion = "Xcode 3.2";
			developmentRegion = English;
			hasScannedForEncodings = 0;
			knownRegions = (
				en,
			);
			mainGroup = 36131624196BA14A00DB175C;
			productRefGroup = 3613162E196BA14A00DB175C /* Products */;
			projectDirPath = "";
			projectRoot = "";
			targets = (
				3613162C196BA14A00DB175C /* DeLanna */,
				3613164C196BA14B00DB175C /* DeLannaTests */,
			);
		};
/* End PBXProject section */

/* Begin PBXResourcesBuildPhase section */
		3613162B196BA14A00DB175C /* Resources */ = {
			isa = PBXResourcesBuildPhase;
			buildActionMask = 2147483647;
			files = (
				3613163D196BA14A00DB175C /* InfoPlist.strings in Resources */,
				36131648196BA14B00DB175C /* Images.xcassets in Resources */,
			);
			runOnlyForDeploymentPostprocessing = 0;
		};
		3613164B196BA14B00DB175C /* Resources */ = {
			isa = PBXResourcesBuildPhase;
			buildActionMask = 2147483647;
			files = (
				3613165A196BA14B00DB175C /* InfoPlist.strings in Resources */,
			);
			runOnlyForDeploymentPostprocessing = 0;
		};
/* End PBXResourcesBuildPhase section */

/* Begin PBXSourcesBuildPhase section */
		36131629196BA14A00DB175C /* Sources */ = {
			isa = PBXSourcesBuildPhase;
			buildActionMask = 2147483647;
			files = (
				36131646196BA14B00DB175C /* DeLanna.xcdatamodeld in Sources */,
				36131643196BA14A00DB175C /* PFAppDelegate.m in Sources */,
				3613163F196BA14A00DB175C /* main.m in Sources */,
			);
			runOnlyForDeploymentPostprocessing = 0;
		};
		36131649196BA14B00DB175C /* Sources */ = {
			isa = PBXSourcesBuildPhase;
			buildActionMask = 2147483647;
			files = (
				3613165C196BA14B00DB175C /* DeLannaTests.m in Sources */,
			);
			runOnlyForDeploymentPostprocessing = 0;
		};
/* End PBXSourcesBuildPhase section */

/* Begin PBXTargetDependency section */
		36131654196BA14B00DB175C /* PBXTargetDependency */ = {
			isa = PBXTargetDependency;
			target = 3613162C196BA14A00DB175C /* DeLanna */;
			targetProxy = 36131653196BA14B00DB175C /* PBXContainerItemProxy */;
		};
/* End PBXTargetDependency section */

/* Begin PBXVariantGroup section */
		3613163B196BA14A00DB175C /* InfoPlist.strings */ = {
			isa = PBXVariantGroup;
			children = (
				3613163C196BA14A00DB175C /* en */,
			);
			name = InfoPlist.strings;
			sourceTree = "<group>";
		};
		36131658196BA14B00DB175C /* InfoPlist.strings */ = {
			isa = PBXVariantGroup;
			children = (
				36131659196BA14B00DB175C /* en */,
			);
			name = InfoPlist.strings;
			sourceTree = "<group>";
		};
/* End PBXVariantGroup section */

/* Begin XCBuildConfiguration section */
		3613165D196BA14B00DB175C /* Debug */ = {
			isa = XCBuildConfiguration;
			buildSettings = {
				ALWAYS_SEARCH_USER_PATHS = NO;
				CLANG_CXX_LANGUAGE_STANDARD = "gnu++0x";
				CLANG_CXX_LIBRARY = "libc++";
				CLANG_ENABLE_MODULES = YES;
				CLANG_ENABLE_OBJC_ARC = YES;
				CLANG_WARN_BOOL_CONVERSION = YES;
				CLANG_WARN_CONSTANT_CONVERSION = YES;
				CLANG_WARN_DIRECT_OBJC_ISA_USAGE = YES_ERROR;
				CLANG_WARN_EMPTY_BODY = YES;
				CLANG_WARN_ENUM_CONVERSION = YES;
				CLANG_WARN_INT_CONVERSION = YES;
				CLANG_WARN_OBJC_ROOT_CLASS = YES_ERROR;
				CLANG_WARN__DUPLICATE_METHOD_MATCH = YES;
				"CODE_SIGN_IDENTITY[sdk=iphoneos*]" = "iPhone Developer";
				COPY_PHASE_STRIP = NO;
				GCC_C_LANGUAGE_STANDARD = gnu99;
				GCC_DYNAMIC_NO_PIC = NO;
				GCC_OPTIMIZATION_LEVEL = 0;
				GCC_PREPROCESSOR_DEFINITIONS = (
					"DEBUG=1",
					"$(inherited)",
				);
				GCC_SYMBOLS_PRIVATE_EXTERN = NO;
				GCC_WARN_64_TO_32_BIT_CONVERSION = YES;
				GCC_WARN_ABOUT_RETURN_TYPE = YES_ERROR;
				GCC_WARN_UNDECLARED_SELECTOR = YES;
				GCC_WARN_UNINITIALIZED_AUTOS = YES_AGGRESSIVE;
				GCC_WARN_UNUSED_FUNCTION = YES;
				GCC_WARN_UNUSED_VARIABLE = YES;
				IPHONEOS_DEPLOYMENT_TARGET = 7.1;
				ONLY_ACTIVE_ARCH = YES;
				SDKROOT = iphoneos;
			};
			name = Debug;
		};
		3613165E196BA14B00DB175C /* Release */ = {
			isa = XCBuildConfiguration;
			buildSettings = {
				ALWAYS_SEARCH_USER_PATHS = NO;
				CLANG_CXX_LANGUAGE_STANDARD = "gnu++0x";
				CLANG_CXX_LIBRARY = "libc++";
				CLANG_ENABLE_MODULES = YES;
				CLANG_ENABLE_OBJC_ARC = YES;
				CLANG_WARN_BOOL_CONVERSION = YES;
				CLANG_WARN_CONSTANT_CONVERSION = YES;
				CLANG_WARN_DIRECT_OBJC_ISA_USAGE = YES_ERROR;
				CLANG_WARN_EMPTY_BODY = YES;
				CLANG_WARN_ENUM_CONVERSION = YES;
				CLANG_WARN_INT_CONVERSION = YES;
				CLANG_WARN_OBJC_ROOT_CLASS = YES_ERROR;
				CLANG_WARN__DUPLICATE_METHOD_MATCH = YES;
				"CODE_SIGN_IDENTITY[sdk=iphoneos*]" = "iPhone Developer";
				COPY_PHASE_STRIP = YES;
				ENABLE_NS_ASSERTIONS = NO;
				GCC_C_LANGUAGE_STANDARD = gnu99;
				GCC_WARN_64_TO_32_BIT_CONVERSION = YES;
				GCC_WARN_ABOUT_RETURN_TYPE = YES_ERROR;
				GCC_WARN_UNDECLARED_SELECTOR = YES;
				GCC_WARN_UNINITIALIZED_AUTOS = YES_AGGRESSIVE;
				GCC_WARN_UNUSED_FUNCTION = YES;
				GCC_WARN_UNUSED_VARIABLE = YES;
				IPHONEOS_DEPLOYMENT_TARGET = 7.1;
				SDKROOT = iphoneos;
				VALIDATE_PRODUCT = YES;
			};
			name = Release;
		};
		36131660196BA14B00DB175C /* Debug */ = {
			isa = XCBuildConfiguration;
			buildSettings = {
				ASSETCATALOG_COMPILER_APPICON_NAME = AppIcon;
				ASSETCATALOG_COMPILER_LAUNCHIMAGE_NAME = LaunchImage;
				CODE_SIGN_IDENTITY = "iPhone Developer";
				"CODE_SIGN_IDENTITY[sdk=iphoneos*]" = "iPhone Developer";
				GCC_PRECOMPILE_PREFIX_HEADER = YES;
				GCC_PREFIX_HEADER = "DeLanna/DeLanna-Prefix.pch";
				INFOPLIST_FILE = "DeLanna/DeLanna-Info.plist";
				PRODUCT_NAME = "$(TARGET_NAME)";
				PROVISIONING_PROFILE = "";
				WRAPPER_EXTENSION = app;
			};
			name = Debug;
		};
		36131661196BA14B00DB175C /* Release */ = {
			isa = XCBuildConfiguration;
			buildSettings = {
				ASSETCATALOG_COMPILER_APPICON_NAME = AppIcon;
				ASSETCATALOG_COMPILER_LAUNCHIMAGE_NAME = LaunchImage;
				CODE_SIGN_IDENTITY = "iPhone Developer";
				"CODE_SIGN_IDENTITY[sdk=iphoneos*]" = "iPhone Developer";
				GCC_PRECOMPILE_PREFIX_HEADER = YES;
				GCC_PREFIX_HEADER = "DeLanna/DeLanna-Prefix.pch";
				INFOPLIST_FILE = "DeLanna/DeLanna-Info.plist";
				PRODUCT_NAME = "$(TARGET_NAME)";
				PROVISIONING_PROFILE = "";
				WRAPPER_EXTENSION = app;
			};
			name = Release;
		};
		36131663196BA14B00DB175C /* Debug */ = {
			isa = XCBuildConfiguration;
			buildSettings = {
				BUNDLE_LOADER = "$(BUILT_PRODUCTS_DIR)/DeLanna.app/DeLanna";
				FRAMEWORK_SEARCH_PATHS = (
					"$(SDKROOT)/Developer/Library/Frameworks",
					"$(inherited)",
					"$(DEVELOPER_FRAMEWORKS_DIR)",
				);
				GCC_PRECOMPILE_PREFIX_HEADER = YES;
				GCC_PREFIX_HEADER = "DeLanna/DeLanna-Prefix.pch";
				GCC_PREPROCESSOR_DEFINITIONS = (
					"DEBUG=1",
					"$(inherited)",
				);
				INFOPLIST_FILE = "DeLannaTests/DeLannaTests-Info.plist";
				PRODUCT_NAME = "$(TARGET_NAME)";
				TEST_HOST = "$(BUNDLE_LOADER)";
				WRAPPER_EXTENSION = xctest;
			};
			name = Debug;
		};
		36131664196BA14B00DB175C /* Release */ = {
			isa = XCBuildConfiguration;
			buildSettings = {
				BUNDLE_LOADER = "$(BUILT_PRODUCTS_DIR)/DeLanna.app/DeLanna";
				FRAMEWORK_SEARCH_PATHS = (
					"$(SDKROOT)/Developer/Library/Frameworks",
					"$(inherited)",
					"$(DEVELOPER_FRAMEWORKS_DIR)",
				);
				GCC_PRECOMPILE_PREFIX_HEADER = YES;
				GCC_PREFIX_HEADER = "DeLanna/DeLanna-Prefix.pch";
				INFOPLIST_FILE = "DeLannaTests/DeLannaTests-Info.plist";
				PRODUCT_NAME = "$(TARGET_NAME)";
				TEST_HOST = "$(BUNDLE_LOADER)";
				WRAPPER_EXTENSION = xctest;
			};
			name = Release;
		};
/* End XCBuildConfiguration section */

/* Begin XCConfigurationList section */
		36131628196BA14A00DB175C /* Build configuration list for PBXProject "DeLanna" */ = {
			isa = XCConfigurationList;
			buildConfigurations = (
				3613165D196BA14B00DB175C /* Debug */,
				3613165E196BA14B00DB175C /* Release */,
			);
			defaultConfigurationIsVisible = 0;
			defaultConfigurationName = Release;
		};
		3613165F196BA14B00DB175C /* Build configuration list for PBXNativeTarget "DeLanna" */ = {
			isa = XCConfigurationList;
			buildConfigurations = (
				36131660196BA14B00DB175C /* Debug */,
				36131661196BA14B00DB175C /* Release */,
			);
			defaultConfigurationIsVisible = 0;
			defaultConfigurationName = Release;
		};
		36131662196BA14B00DB175C /* Build configuration list for PBXNativeTarget "DeLannaTests" */ = {
			isa = XCConfigurationList;
			buildConfigurations = (
				36131663196BA14B00DB175C /* Debug */,
				36131664196BA14B00DB175C /* Release */,
			);
			defaultConfigurationIsVisible = 0;
			defaultConfigurationName = Release;
		};
/* End XCConfigurationList section */

/* Begin XCVersionGroup section */
		36131644196BA14B00DB175C /* DeLanna.xcdatamodeld */ = {
			isa = XCVersionGroup;
			children = (
				36131645196BA14B00DB175C /* DeLanna.xcdatamodel */,
			);
			currentVersion = 36131645196BA14B00DB175C /* DeLanna.xcdatamodel */;
			path = DeLanna.xcdatamodeld;
			sourceTree = "<group>";
			versionGroupType = wrapper.xcdatamodel;
		};
/* End XCVersionGroup section */
	};
	rootObject = 36131625196BA14A00DB175C /* Project object */;
}
